# THIS IS AN AUTOGENERATED FILE. DO NOT EDIT THIS FILE DIRECTLY.
# yarn lockfile v1


j-toker@^0.0.10-beta3:
  version "0.0.10-beta3"
  resolved "https://registry.yarnpkg.com/j-toker/-/j-toker-0.0.10-beta3.tgz#37380689d5d7663e50b741be6c4639b1792d04e7"
  integrity sha1-NzgGidXXZj5Qt0G+bEY5sXktBOc=
  dependencies:
    jquery ">1.11.2"
    jquery-deparam "^0.1.0"
    jquery.cookie "^1.4.1"
    pubsub-js "^1.5.2"

jquery-deparam@^0.1.0:
  version "0.1.0"
  resolved "https://registry.yarnpkg.com/jquery-deparam/-/jquery-deparam-0.1.0.tgz#eaa60c1699fab7637d1acb8d2a08c72d095a0b96"
  integrity sha1-6qYMFpn6t2N9GsuNKgjHLQlaC5Y=

jquery.cookie@^1.4.1:
  version "1.4.1"
  resolved "https://registry.yarnpkg.com/jquery.cookie/-/jquery.cookie-1.4.1.tgz#d63dce209eab691fe63316db08ca9e47e0f9385b"
  integrity sha1-1j3OIJ6raR/mMxbbCMqeR+D5OFs=

jquery@>1.11.2:
  version "3.5.1"
  resolved "https://registry.yarnpkg.com/jquery/-/jquery-3.5.1.tgz#d7b4d08e1bfdb86ad2f1a3d039ea17304717abb5"
  integrity sha512-XwIBPqcMn57FxfT+Go5pzySnm4KWkT1Tv7gjrpT1srtf8Weynl6R273VJ5GjkRb51IzMp5nbaPjJXMWeju2MKg==

pubsub-js@^1.5.2:
  version "1.8.0"
  resolved "https://registry.yarnpkg.com/pubsub-js/-/pubsub-js-1.8.0.tgz#e2b523a030140a3d6e080735a48850a9622ed20a"
  integrity sha512-z/61CZMA+jaQpBU0QSWkC4w6lX3tPbOdtl1h2UWac4sn6dkWfx7ND75SsN6U0amczdI66PqfuXXD0Ad7tnbaQg==

underscore@^1.10.2:
  version "1.10.2"
  resolved "https://registry.yarnpkg.com/underscore/-/underscore-1.10.2.tgz#73d6aa3668f3188e4adb0f1943bd12cfd7efaaaf"
  integrity sha512-N4P+Q/BuyuEKFJ43B9gYuOj4TQUHXX+j2FqguVOpjkssLUUrnJofCcBccJSCoeturDoZU6GorDTHSvUDlSQbTg==
